
Microsoft Visual Studio Solution File, Format Version 12.00
# Visual Studio Version 17
VisualStudioVersion = 17.10.35027.167
MinimumVisualStudioVersion = 10.0.40219.1
Project("{FAE04EC0-301F-11D3-BF4B-00C04F79EFBC}") = "EmailOtpModule", "EmailOtpModule.csproj", "{AC6FCDEF-DBF7-4398-A401-7E089995C165}"
EndProject
Project("{FAE04EC0-301F-11D3-BF4B-00C04F79EFBC}") = "EmailOtpModuleTests", "EmailOtpModuleTests\EmailOtpModuleTests.csproj", "{76CF95E3-DD8E-442C-897C-393055BFEDE7}"
	ProjectSection(ProjectDependencies) = postProject
		{AC6FCDEF-DBF7-4398-A401-7E089995C165} = {AC6FCDEF-DBF7-4398-A401-7E089995C165}
	EndProjectSection
EndProject
Global
	GlobalSection(SolutionConfigurationPlatforms) = preSolution
		Debug|Any CPU = Debug|Any CPU
		Release|Any CPU = Release|Any CPU
	EndGlobalSection
	GlobalSection(ProjectConfigurationPlatforms) = postSolution
		{AC6FCDEF-DBF7-4398-A401-7E089995C165}.Debug|Any CPU.ActiveCfg = Debug|Any CPU
		{AC6FCDEF-DBF7-4398-A401-7E089995C165}.Debug|Any CPU.Build.0 = Debug|Any CPU
		{AC6FCDEF-DBF7-4398-A401-7E089995C165}.Release|Any CPU.ActiveCfg = Release|Any CPU
		{AC6FCDEF-DBF7-4398-A401-7E089995C165}.Release|Any CPU.Build.0 = Release|Any CPU
		{76CF95E3-DD8E-442C-897C-393055BFEDE7}.Debug|Any CPU.ActiveCfg = Debug|Any CPU
		{76CF95E3-DD8E-442C-897C-393055BFEDE7}.Debug|Any CPU.Build.0 = Debug|Any CPU
		{76CF95E3-DD8E-442C-897C-393055BFEDE7}.Release|Any CPU.ActiveCfg = Release|Any CPU
		{76CF95E3-DD8E-442C-897C-393055BFEDE7}.Release|Any CPU.Build.0 = Release|Any CPU
	EndGlobalSection
	GlobalSection(SolutionProperties) = preSolution
		HideSolutionNode = FALSE
	EndGlobalSection
	GlobalSection(ExtensibilityGlobals) = postSolution
		SolutionGuid = {82B1B636-011F-4F78-AD95-AA317BB3CBF1}
	EndGlobalSection
EndGlobal
